// !$*UTF8*$!
{
	archiveVersion = 1;
	classes = {
	};
	objectVersion = 50;
	objects = {

/* Begin PBXBuildFile section */
		3249468223F8923D00794667 /* AppDelegate.swift in Sources */ = {isa = PBXBuildFile; fileRef = 3249468123F8923D00794667 /* AppDelegate.swift */; };
		3249468423F8923D00794667 /* SceneDelegate.swift in Sources */ = {isa = PBXBuildFile; fileRef = 3249468323F8923D00794667 /* SceneDelegate.swift */; };
		3249468623F8923D00794667 /* ViewController.swift in Sources */ = {isa = PBXBuildFile; fileRef = 3249468523F8923D00794667 /* ViewController.swift */; };
		3249468923F8923E00794667 /* Main.storyboard in Resources */ = {isa = PBXBuildFile; fileRef = 3249468723F8923E00794667 /* Main.storyboard */; };
		3249468B23F8923F00794667 /* Assets.xcassets in Resources */ = {isa = PBXBuildFile; fileRef = 3249468A23F8923F00794667 /* Assets.xcassets */; };
		3249468E23F8923F00794667 /* LaunchScreen.storyboard in Resources */ = {isa = PBXBuildFile; fileRef = 3249468C23F8923F00794667 /* LaunchScreen.storyboard */; };
		3249469623F8A94900794667 /* CurrentWeather.swift in Sources */ = {isa = PBXBuildFile; fileRef = 3249469523F8A94900794667 /* CurrentWeather.swift */; };
		3249469823F8AA0B00794667 /* WeatherIconManager.swift in Sources */ = {isa = PBXBuildFile; fileRef = 3249469723F8AA0B00794667 /* WeatherIconManager.swift */; };
		32B95C3123F94C0600F81F40 /* APIMAnager.swift in Sources */ = {isa = PBXBuildFile; fileRef = 32B95C3023F94C0500F81F40 /* APIMAnager.swift */; };
		32B95C3323F95E7D00F81F40 /* ErrorManager.swift in Sources */ = {isa = PBXBuildFile; fileRef = 32B95C3223F95E7D00F81F40 /* ErrorManager.swift */; };
		32B95C3623F9845800F81F40 /* APIWeatherManager.swift in Sources */ = {isa = PBXBuildFile; fileRef = 32B95C3523F9845800F81F40 /* APIWeatherManager.swift */; };
		32B95C3823F9EC7300F81F40 /* ParticlesView.swift in Sources */ = {isa = PBXBuildFile; fileRef = 32B95C3723F9EC7300F81F40 /* ParticlesView.swift */; };
		32B95C3A23F9ED6000F81F40 /* ParticleScene.sks in Resources */ = {isa = PBXBuildFile; fileRef = 32B95C3923F9ED6000F81F40 /* ParticleScene.sks */; };
/* End PBXBuildFile section */

/* Begin PBXFileReference section */
		3249467E23F8923D00794667 /* WeatherApp.app */ = {isa = PBXFileReference; explicitFileType = wrapper.application; includeInIndex = 0; path = WeatherApp.app; sourceTree = BUILT_PRODUCTS_DIR; };
		3249468123F8923D00794667 /* AppDelegate.swift */ = {isa = PBXFileReference; lastKnownFileType = sourcecode.swift; path = AppDelegate.swift; sourceTree = "<group>"; };
		3249468323F8923D00794667 /* SceneDelegate.swift */ = {isa = PBXFileReference; lastKnownFileType = sourcecode.swift; path = SceneDelegate.swift; sourceTree = "<group>"; };
		3249468523F8923D00794667 /* ViewController.swift */ = {isa = PBXFileReference; lastKnownFileType = sourcecode.swift; path = ViewController.swift; sourceTree = "<group>"; };
		3249468823F8923E00794667 /* Base */ = {isa = PBXFileReference; lastKnownFileType = file.storyboard; name = Base; path = Base.lproj/Main.storyboard; sourceTree = "<group>"; };
		3249468A23F8923F00794667 /* Assets.xcassets */ = {isa = PBXFileReference; lastKnownFileType = folder.assetcatalog; path = Assets.xcassets; sourceTree = "<group>"; };
		3249468D23F8923F00794667 /* Base */ = {isa = PBXFileReference; lastKnownFileType = file.storyboard; name = Base; path = Base.lproj/LaunchScreen.storyboard; sourceTree = "<group>"; };
		3249468F23F8923F00794667 /* Info.plist */ = {isa = PBXFileReference; lastKnownFileType = text.plist.xml; path = Info.plist; sourceTree = "<group>"; };
		3249469523F8A94900794667 /* CurrentWeather.swift */ = {isa = PBXFileReference; lastKnownFileType = sourcecode.swift; path = CurrentWeather.swift; sourceTree = "<group>"; };
		3249469723F8AA0B00794667 /* WeatherIconManager.swift */ = {isa = PBXFileReference; lastKnownFileType = sourcecode.swift; path = WeatherIconManager.swift; sourceTree = "<group>"; };
		32B95C3023F94C0500F81F40 /* APIMAnager.swift */ = {isa = PBXFileReference; lastKnownFileType = sourcecode.swift; path = APIMAnager.swift; sourceTree = "<group>"; };
		32B95C3223F95E7D00F81F40 /* ErrorManager.swift */ = {isa = PBXFileReference; lastKnownFileType = sourcecode.swift; path = ErrorManager.swift; sourceTree = "<group>"; };
		32B95C3523F9845800F81F40 /* APIWeatherManager.swift */ = {isa = PBXFileReference; lastKnownFileType = sourcecode.swift; path = APIWeatherManager.swift; sourceTree = "<group>"; };
		32B95C3723F9EC7300F81F40 /* ParticlesView.swift */ = {isa = PBXFileReference; lastKnownFileType = sourcecode.swift; path = ParticlesView.swift; sourceTree = "<group>"; };
		32B95C3923F9ED6000F81F40 /* ParticleScene.sks */ = {isa = PBXFileReference; lastKnownFileType = file.sks; path = ParticleScene.sks; sourceTree = "<group>"; };
/* End PBXFileReference section */

/* Begin PBXFrameworksBuildPhase section */
		3249467B23F8923D00794667 /* Frameworks */ = {
			isa = PBXFrameworksBuildPhase;
			buildActionMask = 2147483647;
			files = (
			);
			runOnlyForDeploymentPostprocessing = 0;
		};
/* End PBXFrameworksBuildPhase section */

/* Begin PBXGroup section */
		3249467523F8923D00794667 = {
			isa = PBXGroup;
			children = (
				3249468023F8923D00794667 /* WeatherApp */,
				3249467F23F8923D00794667 /* Products */,
			);
			sourceTree = "<group>";
		};
		3249467F23F8923D00794667 /* Products */ = {
			isa = PBXGroup;
			children = (
				3249467E23F8923D00794667 /* WeatherApp.app */,
			);
			name = Products;
			sourceTree = "<group>";
		};
		3249468023F8923D00794667 /* WeatherApp */ = {
			isa = PBXGroup;
			children = (
				32B95C3023F94C0500F81F40 /* APIMAnager.swift */,
				32B95C3523F9845800F81F40 /* APIWeatherManager.swift */,
				3249468123F8923D00794667 /* AppDelegate.swift */,
				3249468323F8923D00794667 /* SceneDelegate.swift */,
				3249468523F8923D00794667 /* ViewController.swift */,
				32B95C3423F95E9F00F81F40 /* WeatherModel */,
				32B95C3723F9EC7300F81F40 /* ParticlesView.swift */,
				32B95C3923F9ED6000F81F40 /* ParticleScene.sks */,
				3249468723F8923E00794667 /* Main.storyboard */,
				3249468A23F8923F00794667 /* Assets.xcassets */,
				3249468C23F8923F00794667 /* LaunchScreen.storyboard */,
				3249468F23F8923F00794667 /* Info.plist */,
			);
			path = WeatherApp;
			sourceTree = "<group>";
		};
		32B95C3423F95E9F00F81F40 /* WeatherModel */ = {
			isa = PBXGroup;
			children = (
				3249469523F8A94900794667 /* CurrentWeather.swift */,
				3249469723F8AA0B00794667 /* WeatherIconManager.swift */,
				32B95C3223F95E7D00F81F40 /* ErrorManager.swift */,
			);
			path = WeatherModel;
			sourceTree = "<group>";
		};
/* End PBXGroup section */

/* Begin PBXNativeTarget section */
		3249467D23F8923D00794667 /* WeatherApp */ = {
			isa = PBXNativeTarget;
			buildConfigurationList = 3249469223F8923F00794667 /* Build configuration list for PBXNativeTarget "WeatherApp" */;
			buildPhases = (
				3249467A23F8923D00794667 /* Sources */,
				3249467B23F8923D00794667 /* Frameworks */,
				3249467C23F8923D00794667 /* Resources */,
			);
			buildRules = (
			);
			dependencies = (
			);
			name = WeatherApp;
			productName = WeatherApp;
			productReference = 3249467E23F8923D00794667 /* WeatherApp.app */;
			productType = "com.apple.product-type.application";
		};
/* End PBXNativeTarget section */

/* Begin PBXProject section */
		3249467623F8923D00794667 /* Project object */ = {
			isa = PBXProject;
			attributes = {
				LastSwiftUpdateCheck = 1130;
				LastUpgradeCheck = 1130;
				ORGANIZATIONNAME = DmitriyYatsyuk;
				TargetAttributes = {
					3249467D23F8923D00794667 = {
						CreatedOnToolsVersion = 11.3.1;
					};
				};
			};
			buildConfigurationList = 3249467923F8923D00794667 /* Build configuration list for PBXProject "WeatherApp" */;
			compatibilityVersion = "Xcode 9.3";
			developmentRegion = en;
			hasScannedForEncodings = 0;
			knownRegions = (
				en,
				Base,
			);
			mainGroup = 3249467523F8923D00794667;
			productRefGroup = 3249467F23F8923D00794667 /* Products */;
			projectDirPath = "";
			projectRoot = "";
			targets = (
				3249467D23F8923D00794667 /* WeatherApp */,
			);
		};
/* End PBXProject section */

/* Begin PBXResourcesBuildPhase section */
		3249467C23F8923D00794667 /* Resources */ = {
			isa = PBXResourcesBuildPhase;
			buildActionMask = 2147483647;
			files = (
				3249468E23F8923F00794667 /* LaunchScreen.storyboard in Resources */,
				3249468B23F8923F00794667 /* Assets.xcassets in Resources */,
				32B95C3A23F9ED6000F81F40 /* ParticleScene.sks in Resources */,
				3249468923F8923E00794667 /* Main.storyboard in Resources */,
			);
			runOnlyForDeploymentPostprocessing = 0;
		};
/* End PBXResourcesBuildPhase section */

/* Begin PBXSourcesBuildPhase section */
		3249467A23F8923D00794667 /* Sources */ = {
			isa = PBXSourcesBuildPhase;
			buildActionMask = 2147483647;
			files = (
				3249468623F8923D00794667 /* ViewController.swift in Sources */,
				3249468223F8923D00794667 /* AppDelegate.swift in Sources */,
				32B95C3823F9EC7300F81F40 /* ParticlesView.swift in Sources */,
				32B95C3323F95E7D00F81F40 /* ErrorManager.swift in Sources */,
				3249469823F8AA0B00794667 /* WeatherIconManager.swift in Sources */,
				3249469623F8A94900794667 /* CurrentWeather.swift in Sources */,
				32B95C3123F94C0600F81F40 /* APIMAnager.swift in Sources */,
				3249468423F8923D00794667 /* SceneDelegate.swift in Sources */,
				32B95C3623F9845800F81F40 /* APIWeatherManager.swift in Sources */,
			);
			runOnlyForDeploymentPostprocessing = 0;
		};
/* End PBXSourcesBuildPhase section */

/* Begin PBXVariantGroup section */
		3249468723F8923E00794667 /* Main.storyboard */ = {
			isa = PBXVariantGroup;
			children = (
				3249468823F8923E00794667 /* Base */,
			);
			name = Main.storyboard;
			sourceTree = "<group>";
		};
		3249468C23F8923F00794667 /* LaunchScreen.storyboard */ = {
			isa = PBXVariantGroup;
			children = (
				3249468D23F8923F00794667 /* Base */,
			);
			name = LaunchScreen.storyboard;
			sourceTree = "<group>";
		};
/* End PBXVariantGroup section */

/* Begin XCBuildConfiguration section */
		3249469023F8923F00794667 /* Debug */ = {
			isa = XCBuildConfiguration;
			buildSettings = {
				ALWAYS_SEARCH_USER_PATHS = NO;
				CLANG_ANALYZER_NONNULL = YES;
				CLANG_ANALYZER_NUMBER_OBJECT_CONVERSION = YES_AGGRESSIVE;
				CLANG_CXX_LANGUAGE_STANDARD = "gnu++14";
				CLANG_CXX_LIBRARY = "libc++";
				CLANG_ENABLE_MODULES = YES;
				CLANG_ENABLE_OBJC_ARC = YES;
				CLANG_ENABLE_OBJC_WEAK = YES;
				CLANG_WARN_BLOCK_CAPTURE_AUTORELEASING = YES;
				CLANG_WARN_BOOL_CONVERSION = YES;
				CLANG_WARN_COMMA = YES;
				CLANG_WARN_CONSTANT_CONVERSION = YES;
				CLANG_WARN_DEPRECATED_OBJC_IMPLEMENTATIONS = YES;
				CLANG_WARN_DIRECT_OBJC_ISA_USAGE = YES_ERROR;
				CLANG_WARN_DOCUMENTATION_COMMENTS = YES;
				CLANG_WARN_EMPTY_BODY = YES;
				CLANG_WARN_ENUM_CONVERSION = YES;
				CLANG_WARN_INFINITE_RECURSION = YES;
				CLANG_WARN_INT_CONVERSION = YES;
				CLANG_WARN_NON_LITERAL_NULL_CONVERSION = YES;
				CLANG_WARN_OBJC_IMPLICIT_RETAIN_SELF = YES;
				CLANG_WARN_OBJC_LITERAL_CONVERSION = YES;
				CLANG_WARN_OBJC_ROOT_CLASS = YES_ERROR;
				CLANG_WARN_RANGE_LOOP_ANALYSIS = YES;
				CLANG_WARN_STRICT_PROTOTYPES = YES;
				CLANG_WARN_SUSPICIOUS_MOVE = YES;
				CLANG_WARN_UNGUARDED_AVAILABILITY = YES_AGGRESSIVE;
				CLANG_WARN_UNREACHABLE_CODE = YES;
				CLANG_WARN__DUPLICATE_METHOD_MATCH = YES;
				COPY_PHASE_STRIP = NO;
				DEBUG_INFORMATION_FORMAT = dwarf;
				ENABLE_STRICT_OBJC_MSGSEND = YES;
				ENABLE_TESTABILITY = YES;
				GCC_C_LANGUAGE_STANDARD = gnu11;
				GCC_DYNAMIC_NO_PIC = NO;
				GCC_NO_COMMON_BLOCKS = YES;
				GCC_OPTIMIZATION_LEVEL = 0;
				GCC_PREPROCESSOR_DEFINITIONS = (
					"DEBUG=1",
					"$(inherited)",
				);
				GCC_WARN_64_TO_32_BIT_CONVERSION = YES;
				GCC_WARN_ABOUT_RETURN_TYPE = YES_ERROR;
				GCC_WARN_UNDECLARED_SELECTOR = YES;
				GCC_WARN_UNINITIALIZED_AUTOS = YES_AGGRESSIVE;
				GCC_WARN_UNUSED_FUNCTION = YES;
				GCC_WARN_UNUSED_VARIABLE = YES;
				IPHONEOS_DEPLOYMENT_TARGET = 13.2;
				MTL_ENABLE_DEBUG_INFO = INCLUDE_SOURCE;
				MTL_FAST_MATH = YES;
				ONLY_ACTIVE_ARCH = YES;
				SDKROOT = iphoneos;
				SWIFT_ACTIVE_COMPILATION_CONDITIONS = DEBUG;
				SWIFT_OPTIMIZATION_LEVEL = "-Onone";
			};
			name = Debug;
		};
		3249469123F8923F00794667 /* Release */ = {
			isa = XCBuildConfiguration;
			buildSettings = {
				ALWAYS_SEARCH_USER_PATHS = NO;
				CLANG_ANALYZER_NONNULL = YES;
				CLANG_ANALYZER_NUMBER_OBJECT_CONVERSION = YES_AGGRESSIVE;
				CLANG_CXX_LANGUAGE_STANDARD = "gnu++14";
				CLANG_CXX_LIBRARY = "libc++";
				CLANG_ENABLE_MODULES = YES;
				CLANG_ENABLE_OBJC_ARC = YES;
				CLANG_ENABLE_OBJC_WEAK = YES;
				CLANG_WARN_BLOCK_CAPTURE_AUTORELEASING = YES;
				CLANG_WARN_BOOL_CONVERSION = YES;
				CLANG_WARN_COMMA = YES;
				CLANG_WARN_CONSTANT_CONVERSION = YES;
				CLANG_WARN_DEPRECATED_OBJC_IMPLEMENTATIONS = YES;
				CLANG_WARN_DIRECT_OBJC_ISA_USAGE = YES_ERROR;
				CLANG_WARN_DOCUMENTATION_COMMENTS = YES;
				CLANG_WARN_EMPTY_BODY = YES;
				CLANG_WARN_ENUM_CONVERSION = YES;
				CLANG_WARN_INFINITE_RECURSION = YES;
				CLANG_WARN_INT_CONVERSION = YES;
				CLANG_WARN_NON_LITERAL_NULL_CONVERSION = YES;
				CLANG_WARN_OBJC_IMPLICIT_RETAIN_SELF = YES;
				CLANG_WARN_OBJC_LITERAL_CONVERSION = YES;
				CLANG_WARN_OBJC_ROOT_CLASS = YES_ERROR;
				CLANG_WARN_RANGE_LOOP_ANALYSIS = YES;
				CLANG_WARN_STRICT_PROTOTYPES = YES;
				CLANG_WARN_SUSPICIOUS_MOVE = YES;
				CLANG_WARN_UNGUARDED_AVAILABILITY = YES_AGGRESSIVE;
				CLANG_WARN_UNREACHABLE_CODE = YES;
				CLANG_WARN__DUPLICATE_METHOD_MATCH = YES;
				COPY_PHASE_STRIP = NO;
				DEBUG_INFORMATION_FORMAT = "dwarf-with-dsym";
				ENABLE_NS_ASSERTIONS = NO;
				ENABLE_STRICT_OBJC_MSGSEND = YES;
				GCC_C_LANGUAGE_STANDARD = gnu11;
				GCC_NO_COMMON_BLOCKS = YES;
				GCC_WARN_64_TO_32_BIT_CONVERSION = YES;
				GCC_WARN_ABOUT_RETURN_TYPE = YES_ERROR;
				GCC_WARN_UNDECLARED_SELECTOR = YES;
				GCC_WARN_UNINITIALIZED_AUTOS = YES_AGGRESSIVE;
				GCC_WARN_UNUSED_FUNCTION = YES;
				GCC_WARN_UNUSED_VARIABLE = YES;
				IPHONEOS_DEPLOYMENT_TARGET = 13.2;
				MTL_ENABLE_DEBUG_INFO = NO;
				MTL_FAST_MATH = YES;
				SDKROOT = iphoneos;
				SWIFT_COMPILATION_MODE = wholemodule;
				SWIFT_OPTIMIZATION_LEVEL = "-O";
				VALIDATE_PRODUCT = YES;
			};
			name = Release;
		};
		3249469323F8923F00794667 /* Debug */ = {
			isa = XCBuildConfiguration;
			buildSettings = {
				ASSETCATALOG_COMPILER_APPICON_NAME = AppIcon;
				CODE_SIGN_STYLE = Automatic;
				DEVELOPMENT_TEAM = 2V83UZ9AV3;
				INFOPLIST_FILE = WeatherApp/Info.plist;
				LD_RUNPATH_SEARCH_PATHS = (
					"$(inherited)",
					"@executable_path/Frameworks",
				);
				PRODUCT_BUNDLE_IDENTIFIER = "ru.mail-yatsyuk.dev.WeatherApp";
				PRODUCT_NAME = "$(TARGET_NAME)";
				SWIFT_VERSION = 5.0;
				TARGETED_DEVICE_FAMILY = 1;
			};
			name = Debug;
		};
		3249469423F8923F00794667 /* Release */ = {
			isa = XCBuildConfiguration;
			buildSettings = {
				ASSETCATALOG_COMPILER_APPICON_NAME = AppIcon;
				CODE_SIGN_STYLE = Automatic;
				DEVELOPMENT_TEAM = 2V83UZ9AV3;
				INFOPLIST_FILE = WeatherApp/Info.plist;
				LD_RUNPATH_SEARCH_PATHS = (
					"$(inherited)",
					"@executable_path/Frameworks",
				);
				PRODUCT_BUNDLE_IDENTIFIER = "ru.mail-yatsyuk.dev.WeatherApp";
				PRODUCT_NAME = "$(TARGET_NAME)";
				SWIFT_VERSION = 5.0;
				TARGETED_DEVICE_FAMILY = 1;
			};
			name = Release;
		};
/* End XCBuildConfiguration section */

/* Begin XCConfigurationList section */
		3249467923F8923D00794667 /* Build configuration list for PBXProject "WeatherApp" */ = {
			isa = XCConfigurationList;
			buildConfigurations = (
				3249469023F8923F00794667 /* Debug */,
				3249469123F8923F00794667 /* Release */,
			);
			defaultConfigurationIsVisible = 0;
			defaultConfigurationName = Release;
		};
		3249469223F8923F00794667 /* Build configuration list for PBXNativeTarget "WeatherApp" */ = {
			isa = XCConfigurationList;
			buildConfigurations = (
				3249469323F8923F00794667 /* Debug */,
				3249469423F8923F00794667 /* Release */,
			);
			defaultConfigurationIsVisible = 0;
			defaultConfigurationName = Release;
		};
/* End XCConfigurationList section */
	};
	rootObject = 3249467623F8923D00794667 /* Project object */;
}
